
Microsoft Visual Studio Solution File, Format Version 12.00
# Visual Studio Version 17
VisualStudioVersion = 17.5.002.0
MinimumVisualStudioVersion = 10.0.40219.1
Project("{9A19103F-16F7-4668-BE54-9A1E7A4F7556}") = "task 41", "task 41\task 41.csproj", "{83D2293A-E64E-4670-AAE4-8FE780C4CA4E}"
EndProject
Global
	GlobalSection(SolutionConfigurationPlatforms) = preSolution
		Debug|Any CPU = Debug|Any CPU
		Release|Any CPU = Release|Any CPU
	EndGlobalSection
	GlobalSection(ProjectConfigurationPlatforms) = postSolution
		{83D2293A-E64E-4670-AAE4-8FE780C4CA4E}.Debug|Any CPU.ActiveCfg = Debug|Any CPU
		{83D2293A-E64E-4670-AAE4-8FE780C4CA4E}.Debug|Any CPU.Build.0 = Debug|Any CPU
		{83D2293A-E64E-4670-AAE4-8FE780C4CA4E}.Release|Any CPU.ActiveCfg = Release|Any CPU
		{83D2293A-E64E-4670-AAE4-8FE780C4CA4E}.Release|Any CPU.Build.0 = Release|Any CPU
	EndGlobalSection
	GlobalSection(SolutionProperties) = preSolution
		HideSolutionNode = FALSE
	EndGlobalSection
	GlobalSection(ExtensibilityGlobals) = postSolution
		SolutionGuid = {B2D7B991-D174-45E7-A67B-45AECA84B035}
	EndGlobalSection
EndGlobal
